Microsoft Visual Studio Solution File, Format Version 12.00
# Visual Studio Version 17
VisualStudioVersion = 17.5.2.0
MinimumVisualStudioVersion = 10.0.40219.1
Project("{FAE04EC0-301F-11D3-BF4B-00C04F79EFBC}") = "DemoClient", "DemoClient.csproj", "{4ED01EAA-5BD8-07E5-33DF-0BD0F0281FDA}"
EndProject
Global
	GlobalSection(SolutionConfigurationPlatforms) = preSolution
		Debug|Any CPU = Debug|Any CPU
		Release|Any CPU = Release|Any CPU
	EndGlobalSection
	GlobalSection(ProjectConfigurationPlatforms) = postSolution
		{4ED01EAA-5BD8-07E5-33DF-0BD0F0281FDA}.Debug|Any CPU.ActiveCfg = Debug|Any CPU
		{4ED01EAA-5BD8-07E5-33DF-0BD0F0281FDA}.Debug|Any CPU.Build.0 = Debug|Any CPU
		{4ED01EAA-5BD8-07E5-33DF-0BD0F0281FDA}.Release|Any CPU.ActiveCfg = Release|Any CPU
		{4ED01EAA-5BD8-07E5-33DF-0BD0F0281FDA}.Release|Any CPU.Build.0 = Release|Any CPU
	EndGlobalSection
	GlobalSection(SolutionProperties) = preSolution
		HideSolutionNode = FALSE
	EndGlobalSection
	GlobalSection(ExtensibilityGlobals) = postSolution
		SolutionGuid = {0B982006-20A9-4D9F-9B8A-9CD0913D3C1C}
	EndGlobalSection
EndGlobal
